
Microsoft Visual Studio Solution File, Format Version 12.00
# Visual Studio 15
Project("{FAE04EC0-301F-11D3-BF4B-00C04F79EFBC}") = "Assembly-CSharp", "Assembly-CSharp.csproj", "{EE65618B-FAB8-E4BA-8EAF-AE8A21B390CB}"
EndProject
Project("{FAE04EC0-301F-11D3-BF4B-00C04F79EFBC}") = "Assembly-CSharp-Editor", "Assembly-CSharp-Editor.csproj", "{E57F60B2-04EB-51CF-E5FB-9DAF900B283B}"
EndProject
Global
	GlobalSection(SolutionConfigurationPlatforms) = preSolution
		Debug|Any CPU = Debug|Any CPU
		Release|Any CPU = Release|Any CPU
	EndGlobalSection
	GlobalSection(ProjectConfigurationPlatforms) = postSolution
		{EE65618B-FAB8-E4BA-8EAF-AE8A21B390CB}.Debug|Any CPU.ActiveCfg = Debug|Any CPU
		{EE65618B-FAB8-E4BA-8EAF-AE8A21B390CB}.Debug|Any CPU.Build.0 = Debug|Any CPU
		{EE65618B-FAB8-E4BA-8EAF-AE8A21B390CB}.Release|Any CPU.ActiveCfg = Release|Any CPU
		{EE65618B-FAB8-E4BA-8EAF-AE8A21B390CB}.Release|Any CPU.Build.0 = Release|Any CPU
		{E57F60B2-04EB-51CF-E5FB-9DAF900B283B}.Debug|Any CPU.ActiveCfg = Debug|Any CPU
		{E57F60B2-04EB-51CF-E5FB-9DAF900B283B}.Debug|Any CPU.Build.0 = Debug|Any CPU
		{E57F60B2-04EB-51CF-E5FB-9DAF900B283B}.Release|Any CPU.ActiveCfg = Release|Any CPU
		{E57F60B2-04EB-51CF-E5FB-9DAF900B283B}.Release|Any CPU.Build.0 = Release|Any CPU
	EndGlobalSection
	GlobalSection(SolutionProperties) = preSolution
		HideSolutionNode = FALSE
	EndGlobalSection
EndGlobal
